
Microsoft Visual Studio Solution File, Format Version 12.00
# Visual Studio 15
VisualStudioVersion = 15.0.26430.13
MinimumVisualStudioVersion = 10.0.40219.1
Project("{FAE04EC0-301F-11D3-BF4B-00C04F79EFBC}") = "Lanchonete", "Lanchonete\Lanchonete.csproj", "{FFC7B7D9-B904-441F-A5FE-5A50EE5FA590}"
EndProject
Project("{E53339B2-1760-4266-BCC7-CA923CBCF16C}") = "docker-compose", "docker-compose.dcproj", "{0296178C-2F55-4A52-921D-B4B14D68E240}"
EndProject
Global
	GlobalSection(SolutionConfigurationPlatforms) = preSolution
		Debug|Any CPU = Debug|Any CPU
		Release|Any CPU = Release|Any CPU
	EndGlobalSection
	GlobalSection(ProjectConfigurationPlatforms) = postSolution
		{FFC7B7D9-B904-441F-A5FE-5A50EE5FA590}.Debug|Any CPU.ActiveCfg = Debug|Any CPU
		{FFC7B7D9-B904-441F-A5FE-5A50EE5FA590}.Debug|Any CPU.Build.0 = Debug|Any CPU
		{FFC7B7D9-B904-441F-A5FE-5A50EE5FA590}.Release|Any CPU.ActiveCfg = Release|Any CPU
		{FFC7B7D9-B904-441F-A5FE-5A50EE5FA590}.Release|Any CPU.Build.0 = Release|Any CPU
		{0296178C-2F55-4A52-921D-B4B14D68E240}.Debug|Any CPU.ActiveCfg = Debug|Any CPU
		{0296178C-2F55-4A52-921D-B4B14D68E240}.Debug|Any CPU.Build.0 = Debug|Any CPU
		{0296178C-2F55-4A52-921D-B4B14D68E240}.Release|Any CPU.ActiveCfg = Release|Any CPU
		{0296178C-2F55-4A52-921D-B4B14D68E240}.Release|Any CPU.Build.0 = Release|Any CPU
	EndGlobalSection
	GlobalSection(SolutionProperties) = preSolution
		HideSolutionNode = FALSE
	EndGlobalSection
EndGlobal
